PODS:
  - Nimble (5.0.0-alpha.30p1)
  - Quick (0.9.3)
  - TableViewPopoverPresenting (1.4.1)

DEPENDENCIES:
  - Nimble (from `https://github.com/Quick/Nimble.git`, commit `fcc28b2`)
  - Quick (from `https://github.com/Quick/Quick.git`, branch `swift-3.0`)
  - TableViewPopoverPresenting (from `../`)

EXTERNAL SOURCES:
  Nimble:
    :commit: fcc28b2
    :git: https://github.com/Quick/Nimble.git
  Quick:
    :branch: swift-3.0
    :git: https://github.com/Quick/Quick.git
  TableViewPopoverPresenting:
    :path: "../"

CHECKOUT OPTIONS:
  Nimble:
    :commit: fcc28b2
    :git: https://github.com/Quick/Nimble.git
  Quick:
    :commit: 8f2bc636ecfa2cc20696f62548b38d4ab943e299
    :git: https://github.com/Quick/Quick.git

SPEC CHECKSUMS:
  Nimble: c5b995b4cd57789ec44b0cfb79640fc00e61a8c7
  Quick: 31fb576b6cbb6b028cc5e0016e4366accbb346f5
  TableViewPopoverPresenting: 4d4970748c909837d32aac2eb1473cf580923d79

PODFILE CHECKSUM: 319e5298fbc088ecdb0103696e8114d1111022c3

COCOAPODS: 1.1.0.rc.2
