PODS:
  - Nimble (5.1.1)
  - Quick (1.2.0)
  - TableViewPopoverPresenting (3.1.1)

DEPENDENCIES:
  - Nimble (~> 5.1)
  - Quick (~> 1.0)
  - TableViewPopoverPresenting (from `../`)

EXTERNAL SOURCES:
  TableViewPopoverPresenting:
    :path: ../

SPEC CHECKSUMS:
  Nimble: 415e3aa3267e7bc2c96b05fa814ddea7bb686a29
  Quick: 58d203b1c5e27fff7229c4c1ae445ad7069a7a08
  TableViewPopoverPresenting: b9059ae8f1dc810c007f4fb0fdd159b18f29d01f

PODFILE CHECKSUM: 05d1b85f4e87cab3853383f6012b27e2a1e096b1

COCOAPODS: 1.4.0
